# THIS IS AN AUTOGENERATED FILE. DO NOT EDIT THIS FILE DIRECTLY.
# yarn lockfile v1


prettier@^3.7.4:
  version "3.8.0"
  resolved "https://registry.yarnpkg.com/prettier/-/prettier-3.8.0.tgz#f72cf71505133f40cfa2ef77a2668cdc558fcd69"
  integrity sha512-yEPsovQfpxYfgWNhCfECjG5AQaO+K3dp6XERmOepyPDVqcJm+bjyCVO3pmU+nAPe0N5dDvekfGezt/EIiRe1TA==

turbo-darwin-64@2.7.5:
  version "2.7.5"
  resolved "https://registry.yarnpkg.com/turbo-darwin-64/-/turbo-darwin-64-2.7.5.tgz#303648b7f7db2c062391d03b7e423bc010286918"
  integrity sha512-nN3wfLLj4OES/7awYyyM7fkU8U8sAFxsXau2bYJwAWi6T09jd87DgHD8N31zXaJ7LcpyppHWPRI2Ov9MuZEwnQ==

turbo-darwin-arm64@2.7.5:
  version "2.7.5"
  resolved "https://registry.yarnpkg.com/turbo-darwin-arm64/-/turbo-darwin-arm64-2.7.5.tgz#a3cdc1776eb58d7f9b15236659aea50919e8f902"
  integrity sha512-wCoDHMiTf3FgLAbZHDDx/unNNonSGhsF5AbbYODbxnpYyoKDpEYacUEPjZD895vDhNvYCH0Nnk24YsP4n/cD6g==

turbo-linux-64@2.7.5:
  version "2.7.5"
  resolved "https://registry.yarnpkg.com/turbo-linux-64/-/turbo-linux-64-2.7.5.tgz#9f0a76a1f018d57c52cab0039f9a01606dffccb3"
  integrity sha512-KKPvhOmJMmzWj/yjeO4LywkQ85vOJyhru7AZk/+c4B6OUh/odQ++SiIJBSbTG2lm1CuV5gV5vXZnf/2AMlu3Zg==

turbo-linux-arm64@2.7.5:
  version "2.7.5"
  resolved "https://registry.yarnpkg.com/turbo-linux-arm64/-/turbo-linux-arm64-2.7.5.tgz#b96fe15f5df48c40dfe23ae46a264719fe78dfb3"
  integrity sha512-8PIva4L6BQhiPikUTds9lSFSHXVDAsEvV6QUlgwPsXrtXVQMVi6Sv9p+IxtlWQFvGkdYJUgX9GnK2rC030Xcmw==

turbo-windows-64@2.7.5:
  version "2.7.5"
  resolved "https://registry.yarnpkg.com/turbo-windows-64/-/turbo-windows-64-2.7.5.tgz#4ef1c51ee6fc69ce98a4d4d085a08ca3e6f2fa0a"
  integrity sha512-rupskv/mkIUgQXzX/wUiK00mKMorQcK8yzhGFha/D5lm05FEnLx8dsip6rWzMcVpvh+4GUMA56PgtnOgpel2AA==

turbo-windows-arm64@2.7.5:
  version "2.7.5"
  resolved "https://registry.yarnpkg.com/turbo-windows-arm64/-/turbo-windows-arm64-2.7.5.tgz#5c92b913436e3be635785e7ebd8c1aafc49cca21"
  integrity sha512-G377Gxn6P42RnCzfMyDvsqQV7j69kVHKlhz9J4RhtJOB5+DyY4yYh/w0oTIxZQ4JRMmhjwLu3w9zncMoQ6nNDw==

turbo@^2.7.5:
  version "2.7.5"
  resolved "https://registry.yarnpkg.com/turbo/-/turbo-2.7.5.tgz#ef908ae6a8b5c5593c13cce885af3b6cad70c893"
  integrity sha512-7Imdmg37joOloTnj+DPrab9hIaQcDdJ5RwSzcauo/wMOSAgO+A/I/8b3hsGGs6PWQz70m/jkPgdqWsfNKtwwDQ==
  optionalDependencies:
    turbo-darwin-64 "2.7.5"
    turbo-darwin-arm64 "2.7.5"
    turbo-linux-64 "2.7.5"
    turbo-linux-arm64 "2.7.5"
    turbo-windows-64 "2.7.5"
    turbo-windows-arm64 "2.7.5"

typescript@5.9.2:
  version "5.9.2"
  resolved "https://registry.yarnpkg.com/typescript/-/typescript-5.9.2.tgz#d93450cddec5154a2d5cabe3b8102b83316fb2a6"
  integrity sha512-CWBzXQrc/qOkhidw1OzBTQuYRbfyxDXJMVJ1XNwUHGROVmuaeiEm3OslpZ1RV96d7SKKjZKrSJu3+t/xlw3R9A==
